
Microsoft Visual Studio Solution File, Format Version 12.00
# Visual Studio Version 17
VisualStudioVersion = 17.9.34902.65
MinimumVisualStudioVersion = 10.0.40219.1
Project("{FAE04EC0-301F-11D3-BF4B-00C04F79EFBC}") = "UnityLogToHtml", "UnityLogToHtml\UnityLogToHtml.csproj", "{60BA419F-802E-4A0C-80F5-ACA58FCA4F41}"
EndProject
Global
	GlobalSection(SolutionConfigurationPlatforms) = preSolution
		Debug|Any CPU = Debug|Any CPU
		Release|Any CPU = Release|Any CPU
	EndGlobalSection
	GlobalSection(ProjectConfigurationPlatforms) = postSolution
		{60BA419F-802E-4A0C-80F5-ACA58FCA4F41}.Debug|Any CPU.ActiveCfg = Debug|Any CPU
		{60BA419F-802E-4A0C-80F5-ACA58FCA4F41}.Debug|Any CPU.Build.0 = Debug|Any CPU
		{60BA419F-802E-4A0C-80F5-ACA58FCA4F41}.Release|Any CPU.ActiveCfg = Release|Any CPU
		{60BA419F-802E-4A0C-80F5-ACA58FCA4F41}.Release|Any CPU.Build.0 = Release|Any CPU
	EndGlobalSection
	GlobalSection(SolutionProperties) = preSolution
		HideSolutionNode = FALSE
	EndGlobalSection
	GlobalSection(ExtensibilityGlobals) = postSolution
		SolutionGuid = {B2B23371-9738-4CDB-9022-6FFCDDF1B75A}
	EndGlobalSection
EndGlobal
